
Microsoft Visual Studio Solution File, Format Version 12.00
# Visual Studio Version 17
VisualStudioVersion = 17.1.31911.260
MinimumVisualStudioVersion = 10.0.40219.1
Project("{9A19103F-16F7-4668-BE54-9A1E7A4F7556}") = "BlazorApp5", "BlazorApp5\BlazorApp5.csproj", "{67689307-9667-4209-B0C6-1827070B4DA5}"
EndProject
Project("{9A19103F-16F7-4668-BE54-9A1E7A4F7556}") = "MudBlazorApp", "MudBlazorApp\MudBlazorApp.csproj", "{3ADE86A3-10D6-4D0A-BA19-31ADFA8CDF78}"
EndProject
Project("{9A19103F-16F7-4668-BE54-9A1E7A4F7556}") = "DevExpApp", "DevExpApp\DevExpApp.csproj", "{008CB7A7-6FE6-43F2-BF66-ED5B811C849D}"
EndProject
Project("{9A19103F-16F7-4668-BE54-9A1E7A4F7556}") = "FireBird", "FireBird\FireBird.csproj", "{74EB7EE7-9586-4374-B253-B78DAB8E8402}"
EndProject
Project("{FAE04EC0-301F-11D3-BF4B-00C04F79EFBC}") = "Bootstrap5", "Bootstrap5\Bootstrap5.csproj", "{C3E9F5DC-F4A5-430F-9DB7-2F0E0CC4DD3C}"
EndProject
Global
	GlobalSection(SolutionConfigurationPlatforms) = preSolution
		Debug|Any CPU = Debug|Any CPU
		Release|Any CPU = Release|Any CPU
	EndGlobalSection
	GlobalSection(ProjectConfigurationPlatforms) = postSolution
		{67689307-9667-4209-B0C6-1827070B4DA5}.Debug|Any CPU.ActiveCfg = Debug|Any CPU
		{67689307-9667-4209-B0C6-1827070B4DA5}.Debug|Any CPU.Build.0 = Debug|Any CPU
		{67689307-9667-4209-B0C6-1827070B4DA5}.Release|Any CPU.ActiveCfg = Release|Any CPU
		{67689307-9667-4209-B0C6-1827070B4DA5}.Release|Any CPU.Build.0 = Release|Any CPU
		{3ADE86A3-10D6-4D0A-BA19-31ADFA8CDF78}.Debug|Any CPU.ActiveCfg = Debug|Any CPU
		{3ADE86A3-10D6-4D0A-BA19-31ADFA8CDF78}.Debug|Any CPU.Build.0 = Debug|Any CPU
		{3ADE86A3-10D6-4D0A-BA19-31ADFA8CDF78}.Release|Any CPU.ActiveCfg = Release|Any CPU
		{3ADE86A3-10D6-4D0A-BA19-31ADFA8CDF78}.Release|Any CPU.Build.0 = Release|Any CPU
		{008CB7A7-6FE6-43F2-BF66-ED5B811C849D}.Debug|Any CPU.ActiveCfg = Debug|Any CPU
		{008CB7A7-6FE6-43F2-BF66-ED5B811C849D}.Debug|Any CPU.Build.0 = Debug|Any CPU
		{008CB7A7-6FE6-43F2-BF66-ED5B811C849D}.Release|Any CPU.ActiveCfg = Release|Any CPU
		{008CB7A7-6FE6-43F2-BF66-ED5B811C849D}.Release|Any CPU.Build.0 = Release|Any CPU
		{74EB7EE7-9586-4374-B253-B78DAB8E8402}.Debug|Any CPU.ActiveCfg = Debug|Any CPU
		{74EB7EE7-9586-4374-B253-B78DAB8E8402}.Debug|Any CPU.Build.0 = Debug|Any CPU
		{74EB7EE7-9586-4374-B253-B78DAB8E8402}.Release|Any CPU.ActiveCfg = Release|Any CPU
		{74EB7EE7-9586-4374-B253-B78DAB8E8402}.Release|Any CPU.Build.0 = Release|Any CPU
		{C3E9F5DC-F4A5-430F-9DB7-2F0E0CC4DD3C}.Debug|Any CPU.ActiveCfg = Debug|Any CPU
		{C3E9F5DC-F4A5-430F-9DB7-2F0E0CC4DD3C}.Debug|Any CPU.Build.0 = Debug|Any CPU
		{C3E9F5DC-F4A5-430F-9DB7-2F0E0CC4DD3C}.Release|Any CPU.ActiveCfg = Release|Any CPU
		{C3E9F5DC-F4A5-430F-9DB7-2F0E0CC4DD3C}.Release|Any CPU.Build.0 = Release|Any CPU
	EndGlobalSection
	GlobalSection(SolutionProperties) = preSolution
		HideSolutionNode = FALSE
	EndGlobalSection
	GlobalSection(ExtensibilityGlobals) = postSolution
		SolutionGuid = {8DD03EEA-A001-443E-9CBB-3CD19E37F903}
	EndGlobalSection
EndGlobal
